
Microsoft Visual Studio Solution File, Format Version 12.00
# Visual Studio Version 16
VisualStudioVersion = 16.0.29102.190
MinimumVisualStudioVersion = 10.0.40219.1
Project("{9A19103F-16F7-4668-BE54-9A1E7A4F7556}") = "FormulaOneCalculator", "FormulaOneCalculator\FormulaOneCalculator.csproj", "{824C31D2-9C77-4577-AE5D-7C1B558F8E99}"
EndProject
Project("{FAE04EC0-301F-11D3-BF4B-00C04F79EFBC}") = "FormulaOneCalculatorTests", "FormulaOneCalculatorTests\FormulaOneCalculatorTests.csproj", "{6B61B92D-481F-40A3-9EBB-F1A51EFCD21A}"
EndProject
Global
	GlobalSection(SolutionConfigurationPlatforms) = preSolution
		Debug|Any CPU = Debug|Any CPU
		Release|Any CPU = Release|Any CPU
	EndGlobalSection
	GlobalSection(ProjectConfigurationPlatforms) = postSolution
		{824C31D2-9C77-4577-AE5D-7C1B558F8E99}.Debug|Any CPU.ActiveCfg = Debug|Any CPU
		{824C31D2-9C77-4577-AE5D-7C1B558F8E99}.Debug|Any CPU.Build.0 = Debug|Any CPU
		{824C31D2-9C77-4577-AE5D-7C1B558F8E99}.Release|Any CPU.ActiveCfg = Release|Any CPU
		{824C31D2-9C77-4577-AE5D-7C1B558F8E99}.Release|Any CPU.Build.0 = Release|Any CPU
		{6B61B92D-481F-40A3-9EBB-F1A51EFCD21A}.Debug|Any CPU.ActiveCfg = Debug|Any CPU
		{6B61B92D-481F-40A3-9EBB-F1A51EFCD21A}.Debug|Any CPU.Build.0 = Debug|Any CPU
		{6B61B92D-481F-40A3-9EBB-F1A51EFCD21A}.Release|Any CPU.ActiveCfg = Release|Any CPU
		{6B61B92D-481F-40A3-9EBB-F1A51EFCD21A}.Release|Any CPU.Build.0 = Release|Any CPU
	EndGlobalSection
	GlobalSection(SolutionProperties) = preSolution
		HideSolutionNode = FALSE
	EndGlobalSection
	GlobalSection(ExtensibilityGlobals) = postSolution
		SolutionGuid = {8038E847-305F-48DC-B30F-318DC410FB4C}
	EndGlobalSection
EndGlobal
